
Microsoft Visual Studio Solution File, Format Version 12.00
# Visual Studio Version 16
VisualStudioVersion = 16.0.30104.148
MinimumVisualStudioVersion = 10.0.40219.1
Project("{FAE04EC0-301F-11D3-BF4B-00C04F79EFBC}") = "AppClient", "AppClient\AppClient.csproj", "{1ECAC5A2-59BC-48C8-807D-3E084FE30399}"
EndProject
Global
	GlobalSection(SolutionConfigurationPlatforms) = preSolution
		Debug|Any CPU = Debug|Any CPU
		Release|Any CPU = Release|Any CPU
	EndGlobalSection
	GlobalSection(ProjectConfigurationPlatforms) = postSolution
		{1ECAC5A2-59BC-48C8-807D-3E084FE30399}.Debug|Any CPU.ActiveCfg = Debug|Any CPU
		{1ECAC5A2-59BC-48C8-807D-3E084FE30399}.Debug|Any CPU.Build.0 = Debug|Any CPU
		{1ECAC5A2-59BC-48C8-807D-3E084FE30399}.Release|Any CPU.ActiveCfg = Release|Any CPU
		{1ECAC5A2-59BC-48C8-807D-3E084FE30399}.Release|Any CPU.Build.0 = Release|Any CPU
	EndGlobalSection
	GlobalSection(SolutionProperties) = preSolution
		HideSolutionNode = FALSE
	EndGlobalSection
	GlobalSection(ExtensibilityGlobals) = postSolution
		SolutionGuid = {3C3BED0A-B9C7-4E69-898E-9C16660E2353}
	EndGlobalSection
EndGlobal
